
Microsoft Visual Studio Solution File, Format Version 12.00
# Visual Studio Version 16
VisualStudioVersion = 16.0.29411.108
MinimumVisualStudioVersion = 10.0.40219.1
Project("{FAE04EC0-301F-11D3-BF4B-00C04F79EFBC}") = "Controlador", "Controlador\Controlador.csproj", "{B0006547-F10D-43A2-87B2-11A1957275F7}"
EndProject
Project("{FAE04EC0-301F-11D3-BF4B-00C04F79EFBC}") = "Vista", "Vista\Vista.csproj", "{4AE77C8D-F611-403F-87FC-263AC5678321}"
EndProject
Global
	GlobalSection(SolutionConfigurationPlatforms) = preSolution
		Debug|Any CPU = Debug|Any CPU
		Release|Any CPU = Release|Any CPU
	EndGlobalSection
	GlobalSection(ProjectConfigurationPlatforms) = postSolution
		{B0006547-F10D-43A2-87B2-11A1957275F7}.Debug|Any CPU.ActiveCfg = Debug|Any CPU
		{B0006547-F10D-43A2-87B2-11A1957275F7}.Debug|Any CPU.Build.0 = Debug|Any CPU
		{B0006547-F10D-43A2-87B2-11A1957275F7}.Release|Any CPU.ActiveCfg = Release|Any CPU
		{B0006547-F10D-43A2-87B2-11A1957275F7}.Release|Any CPU.Build.0 = Release|Any CPU
		{4AE77C8D-F611-403F-87FC-263AC5678321}.Debug|Any CPU.ActiveCfg = Debug|Any CPU
		{4AE77C8D-F611-403F-87FC-263AC5678321}.Debug|Any CPU.Build.0 = Debug|Any CPU
		{4AE77C8D-F611-403F-87FC-263AC5678321}.Release|Any CPU.ActiveCfg = Release|Any CPU
		{4AE77C8D-F611-403F-87FC-263AC5678321}.Release|Any CPU.Build.0 = Release|Any CPU
	EndGlobalSection
	GlobalSection(SolutionProperties) = preSolution
		HideSolutionNode = FALSE
	EndGlobalSection
	GlobalSection(ExtensibilityGlobals) = postSolution
		SolutionGuid = {CF9ABF12-D881-4B21-AE42-23AC48A4B5B7}
	EndGlobalSection
EndGlobal
